{
    "_meta": {
        "hash": {
            "sha256": "8a3c0b6c332a96a05afd159ef7f445d72ee53294ef5872cea5db16a4e04b8284"
        },
        "pipfile-spec": 6,
        "requires": {
            "python_version": "3"
        },
        "sources": [
            {
                "name": "pypi",
                "url": "https://pypi.org/simple",
                "verify_ssl": true
            }
        ]
    },
    "default": {
        "attrs": {
            "hashes": [
                "sha256:2d27e3784d7a565d36ab851fe94887c5eccd6a463168875832a1be79c82828b4",
                "sha256:626ba8234211db98e869df76230a137c4c40a12d72445c45d5f5b716f076e2fd"
            ],
            "markers": "python_version >= '2.7' and python_version not in '3.0, 3.1, 3.2, 3.3, 3.4'",
            "version": "==21.4.0"
        },
        "cattrs": {
            "hashes": [
                "sha256:616972ae3dfa6e623a40ad3cb845420e64942989152774ab055e5c2b2f89f997",
                "sha256:b7ab5cf8ad127c42eefd01410c1c6e28569a45a255ea80ed968511873c433c7a"
            ],
            "markers": "python_version < '3.7'",
            "version": "==1.0.0"
        },
        "cdktf": {
            "hashes": [
                "sha256:044eeececeac0cc4682275e54b6056a514480e0769e4dddad885102b3114f4eb",
                "sha256:cb936b3901097ef4895efc0c2a537ca89316848e6cfe63d9a801e58639c69507"
            ],
            "index": "pypi",
            "version": "==0.10.4"
        },
        "cdktf-cdktf-provider-aws": {
            "hashes": [
                "sha256:af55240389d87a54b91d21f44a911a4a6cbe7b1711ead0efbf6b0138eeec607c",
                "sha256:ca5a1c595d594daf3e04a7d3297a2cdd060ecb500eb8c6d92aa17c5fdf9ec0d7"
            ],
            "index": "pypi",
            "version": "==7.0.46"
        },
        "constructs": {
            "hashes": [
                "sha256:6ce0dd1352367237b5d7c51a25740482c852735d2a5e067c536acc1657f39ea5",
                "sha256:c1f3deb196f54e070ded3c92c4339f73ef2b6022d35fb34908c0ebfa7ef8a640"
            ],
            "markers": "python_version >= '3.6'",
            "version": "==10.1.1"
        },
        "importlib-resources": {
            "hashes": [
                "sha256:33a95faed5fc19b4bc16b29a6eeae248a3fe69dd55d4d229d2b480e23eeaad45",
                "sha256:d756e2f85dd4de2ba89be0b21dba2a3bbec2e871a42a3a16719258a11f87506b"
            ],
            "markers": "python_version < '3.7'",
            "version": "==5.4.0"
        },
        "jsii": {
            "hashes": [
                "sha256:4888091986a9ed8d50b042cc9c35a9564dd54c19e78adb890bf06d9ffac1b325",
                "sha256:ff7a3c51c1a653dd8a4342043b5f8e40b928bc617e3141e0d5d66175d22a754b"
            ],
            "markers": "python_version ~= '3.6'",
            "version": "==1.57.0"
        },
        "publication": {
            "hashes": [
                "sha256:0248885351febc11d8a1098d5c8e3ab2dabcf3e8c0c96db1e17ecd12b53afbe6",
                "sha256:68416a0de76dddcdd2930d1c8ef853a743cc96c82416c4e4d3b5d901c6276dc4"
            ],
            "version": "==0.0.3"
        },
        "python-dateutil": {
            "hashes": [
                "sha256:0123cacc1627ae19ddf3c27a5de5bd67ee4586fbdd6440d9748f8abb483d3e86",
                "sha256:961d03dc3453ebbc59dbdea9e4e11c5651520a876d0f4db161e8674aae935da9"
            ],
            "markers": "python_version >= '2.7' and python_version not in '3.0, 3.1, 3.2, 3.3'",
            "version": "==2.8.2"
        },
        "six": {
            "hashes": [
                "sha256:1e61c37477a1626458e36f7b1d82aa5c9b094fa4802892072e49de9c60c4c926",
                "sha256:8abb2f1d86890a2dfb989f9a77cfcfd3e47c2a354b01111771326f8aa26e0254"
            ],
            "markers": "python_version >= '2.7' and python_version not in '3.0, 3.1, 3.2, 3.3'",
            "version": "==1.16.0"
        },
        "typing-extensions": {
            "hashes": [
                "sha256:1a9462dcc3347a79b1f1c0271fbe79e844580bb598bafa1ed208b94da3cdcd42",
                "sha256:21c85e0fe4b9a155d0799430b0ad741cdce7e359660ccbd8b530613e8df88ce2"
            ],
            "markers": "python_version >= '3.6'",
            "version": "==4.1.1"
        },
        "zipp": {
            "hashes": [
                "sha256:71c644c5369f4a6e07636f0aa966270449561fcea2e3d6747b8d23efaa9d7832",
                "sha256:9fe5ea21568a0a70e50f273397638d39b03353731e6cbbb3fd8502a33fec40bc"
            ],
            "markers": "python_version < '3.10'",
            "version": "==3.6.0"
        }
    },
    "develop": {}
}
